
Microsoft Visual Studio Solution File, Format Version 12.00
Project("{FAE04EC0-301F-11D3-BF4B-00C04F79EFBC}") = "StreamStore.DynamicSQL", "StreamStore.DynamicSQL\StreamStore.DynamicSQL.csproj", "{45532671-6B97-48E0-AB68-D385EFFF6DF5}"
EndProject
Global
	GlobalSection(SolutionConfigurationPlatforms) = preSolution
		Debug|Any CPU = Debug|Any CPU
		Release|Any CPU = Release|Any CPU
	EndGlobalSection
	GlobalSection(ProjectConfigurationPlatforms) = postSolution
		{45532671-6B97-48E0-AB68-D385EFFF6DF5}.Debug|Any CPU.ActiveCfg = Debug|Any CPU
		{45532671-6B97-48E0-AB68-D385EFFF6DF5}.Debug|Any CPU.Build.0 = Debug|Any CPU
		{45532671-6B97-48E0-AB68-D385EFFF6DF5}.Release|Any CPU.ActiveCfg = Release|Any CPU
		{45532671-6B97-48E0-AB68-D385EFFF6DF5}.Release|Any CPU.Build.0 = Release|Any CPU
	EndGlobalSection
EndGlobal
